
Microsoft Visual Studio Solution File, Format Version 12.00
# Visual Studio Version 16
VisualStudioVersion = 16.0.31729.503
MinimumVisualStudioVersion = 10.0.40219.1
Project("{FAE04EC0-301F-11D3-BF4B-00C04F79EFBC}") = "CombinationsForGivinSum", "CombinationsForGivinSum\CombinationsForGivinSum.csproj", "{4A4239A3-0016-4885-8604-0A2B2BB9A6D0}"
EndProject
Global
	GlobalSection(SolutionConfigurationPlatforms) = preSolution
		Debug|Any CPU = Debug|Any CPU
		Release|Any CPU = Release|Any CPU
	EndGlobalSection
	GlobalSection(ProjectConfigurationPlatforms) = postSolution
		{4A4239A3-0016-4885-8604-0A2B2BB9A6D0}.Debug|Any CPU.ActiveCfg = Debug|Any CPU
		{4A4239A3-0016-4885-8604-0A2B2BB9A6D0}.Debug|Any CPU.Build.0 = Debug|Any CPU
		{4A4239A3-0016-4885-8604-0A2B2BB9A6D0}.Release|Any CPU.ActiveCfg = Release|Any CPU
		{4A4239A3-0016-4885-8604-0A2B2BB9A6D0}.Release|Any CPU.Build.0 = Release|Any CPU
	EndGlobalSection
	GlobalSection(SolutionProperties) = preSolution
		HideSolutionNode = FALSE
	EndGlobalSection
	GlobalSection(ExtensibilityGlobals) = postSolution
		SolutionGuid = {60501DAB-89CF-4159-97A1-F065D9A6A1EF}
	EndGlobalSection
EndGlobal
